// !$*UTF8*$!
{
	archiveVersion = 1;
	classes = {
	};
	objectVersion = 55;
	objects = {

/* Begin PBXBuildFile section */
		656AC0E827E3EEED0033C42F /* AppDelegate.swift in Sources */ = {isa = PBXBuildFile; fileRef = 656AC0E727E3EEED0033C42F /* AppDelegate.swift */; };
		656AC0EA27E3EEED0033C42F /* SceneDelegate.swift in Sources */ = {isa = PBXBuildFile; fileRef = 656AC0E927E3EEED0033C42F /* SceneDelegate.swift */; };
		656AC0EC27E3EEED0033C42F /* ViewController.swift in Sources */ = {isa = PBXBuildFile; fileRef = 656AC0EB27E3EEED0033C42F /* ViewController.swift */; };
		656AC0EF27E3EEED0033C42F /* Main.storyboard in Resources */ = {isa = PBXBuildFile; fileRef = 656AC0ED27E3EEED0033C42F /* Main.storyboard */; };
		656AC0F127E3EEF00033C42F /* Assets.xcassets in Resources */ = {isa = PBXBuildFile; fileRef = 656AC0F027E3EEF00033C42F /* Assets.xcassets */; };
		656AC0F427E3EEF00033C42F /* LaunchScreen.storyboard in Resources */ = {isa = PBXBuildFile; fileRef = 656AC0F227E3EEF00033C42F /* LaunchScreen.storyboard */; };
		656AC10227E4091B0033C42F /* PostsViewModel.swift in Sources */ = {isa = PBXBuildFile; fileRef = 656AC10127E4091B0033C42F /* PostsViewModel.swift */; };
		656AC10427E409A90033C42F /* PostsProvider.swift in Sources */ = {isa = PBXBuildFile; fileRef = 656AC10327E409A90033C42F /* PostsProvider.swift */; };
		656AC10727E40A1E0033C42F /* PostsListViewController.swift in Sources */ = {isa = PBXBuildFile; fileRef = 656AC10527E40A1E0033C42F /* PostsListViewController.swift */; };
		656AC10827E40A1E0033C42F /* PostsListViewController.xib in Resources */ = {isa = PBXBuildFile; fileRef = 656AC10627E40A1E0033C42F /* PostsListViewController.xib */; };
/* End PBXBuildFile section */

/* Begin PBXFileReference section */
		656AC0E427E3EEED0033C42F /* DependencyInjection.app */ = {isa = PBXFileReference; explicitFileType = wrapper.application; includeInIndex = 0; path = DependencyInjection.app; sourceTree = BUILT_PRODUCTS_DIR; };
		656AC0E727E3EEED0033C42F /* AppDelegate.swift */ = {isa = PBXFileReference; lastKnownFileType = sourcecode.swift; path = AppDelegate.swift; sourceTree = "<group>"; };
		656AC0E927E3EEED0033C42F /* SceneDelegate.swift */ = {isa = PBXFileReference; lastKnownFileType = sourcecode.swift; path = SceneDelegate.swift; sourceTree = "<group>"; };
		656AC0EB27E3EEED0033C42F /* ViewController.swift */ = {isa = PBXFileReference; lastKnownFileType = sourcecode.swift; path = ViewController.swift; sourceTree = "<group>"; };
		656AC0EE27E3EEED0033C42F /* Base */ = {isa = PBXFileReference; lastKnownFileType = file.storyboard; name = Base; path = Base.lproj/Main.storyboard; sourceTree = "<group>"; };
		656AC0F027E3EEF00033C42F /* Assets.xcassets */ = {isa = PBXFileReference; lastKnownFileType = folder.assetcatalog; path = Assets.xcassets; sourceTree = "<group>"; };
		656AC0F327E3EEF00033C42F /* Base */ = {isa = PBXFileReference; lastKnownFileType = file.storyboard; name = Base; path = Base.lproj/LaunchScreen.storyboard; sourceTree = "<group>"; };
		656AC0F527E3EEF00033C42F /* Info.plist */ = {isa = PBXFileReference; lastKnownFileType = text.plist.xml; path = Info.plist; sourceTree = "<group>"; };
		656AC10027E4089E0033C42F /* PostMock.json */ = {isa = PBXFileReference; lastKnownFileType = text.json; path = PostMock.json; sourceTree = "<group>"; };
		656AC10127E4091B0033C42F /* PostsViewModel.swift */ = {isa = PBXFileReference; lastKnownFileType = sourcecode.swift; path = PostsViewModel.swift; sourceTree = "<group>"; };
		656AC10327E409A90033C42F /* PostsProvider.swift */ = {isa = PBXFileReference; lastKnownFileType = sourcecode.swift; path = PostsProvider.swift; sourceTree = "<group>"; };
		656AC10527E40A1E0033C42F /* PostsListViewController.swift */ = {isa = PBXFileReference; lastKnownFileType = sourcecode.swift; path = PostsListViewController.swift; sourceTree = "<group>"; };
		656AC10627E40A1E0033C42F /* PostsListViewController.xib */ = {isa = PBXFileReference; lastKnownFileType = file.xib; path = PostsListViewController.xib; sourceTree = "<group>"; };
/* End PBXFileReference section */

/* Begin PBXFrameworksBuildPhase section */
		656AC0E127E3EEED0033C42F /* Frameworks */ = {
			isa = PBXFrameworksBuildPhase;
			buildActionMask = 2147483647;
			files = (
			);
			runOnlyForDeploymentPostprocessing = 0;
		};
/* End PBXFrameworksBuildPhase section */

/* Begin PBXGroup section */
		656AC0DB27E3EEED0033C42F = {
			isa = PBXGroup;
			children = (
				656AC0E627E3EEED0033C42F /* DependencyInjection */,
				656AC0E527E3EEED0033C42F /* Products */,
			);
			sourceTree = "<group>";
		};
		656AC0E527E3EEED0033C42F /* Products */ = {
			isa = PBXGroup;
			children = (
				656AC0E427E3EEED0033C42F /* DependencyInjection.app */,
			);
			name = Products;
			sourceTree = "<group>";
		};
		656AC0E627E3EEED0033C42F /* DependencyInjection */ = {
			isa = PBXGroup;
			children = (
				656AC0FB27E4078A0033C42F /* Model */,
				656AC0FF27E407D50033C42F /* View */,
				656AC0FC27E407940033C42F /* ViewModel */,
				656AC0FE27E407C70033C42F /* Mocks */,
				656AC0FD27E407A90033C42F /* Provider */,
				656AC0E727E3EEED0033C42F /* AppDelegate.swift */,
				656AC0E927E3EEED0033C42F /* SceneDelegate.swift */,
				656AC0EB27E3EEED0033C42F /* ViewController.swift */,
				656AC0ED27E3EEED0033C42F /* Main.storyboard */,
				656AC0F027E3EEF00033C42F /* Assets.xcassets */,
				656AC0F227E3EEF00033C42F /* LaunchScreen.storyboard */,
				656AC0F527E3EEF00033C42F /* Info.plist */,
			);
			path = DependencyInjection;
			sourceTree = "<group>";
		};
		656AC0FB27E4078A0033C42F /* Model */ = {
			isa = PBXGroup;
			children = (
			);
			path = Model;
			sourceTree = "<group>";
		};
		656AC0FC27E407940033C42F /* ViewModel */ = {
			isa = PBXGroup;
			children = (
				656AC10127E4091B0033C42F /* PostsViewModel.swift */,
			);
			path = ViewModel;
			sourceTree = "<group>";
		};
		656AC0FD27E407A90033C42F /* Provider */ = {
			isa = PBXGroup;
			children = (
				656AC10327E409A90033C42F /* PostsProvider.swift */,
			);
			path = Provider;
			sourceTree = "<group>";
		};
		656AC0FE27E407C70033C42F /* Mocks */ = {
			isa = PBXGroup;
			children = (
				656AC10027E4089E0033C42F /* PostMock.json */,
			);
			path = Mocks;
			sourceTree = "<group>";
		};
		656AC0FF27E407D50033C42F /* View */ = {
			isa = PBXGroup;
			children = (
				656AC10527E40A1E0033C42F /* PostsListViewController.swift */,
				656AC10627E40A1E0033C42F /* PostsListViewController.xib */,
			);
			path = View;
			sourceTree = "<group>";
		};
/* End PBXGroup section */

/* Begin PBXNativeTarget section */
		656AC0E327E3EEED0033C42F /* DependencyInjection */ = {
			isa = PBXNativeTarget;
			buildConfigurationList = 656AC0F827E3EEF00033C42F /* Build configuration list for PBXNativeTarget "DependencyInjection" */;
			buildPhases = (
				656AC0E027E3EEED0033C42F /* Sources */,
				656AC0E127E3EEED0033C42F /* Frameworks */,
				656AC0E227E3EEED0033C42F /* Resources */,
			);
			buildRules = (
			);
			dependencies = (
			);
			name = DependencyInjection;
			productName = DependencyInjection;
			productReference = 656AC0E427E3EEED0033C42F /* DependencyInjection.app */;
			productType = "com.apple.product-type.application";
		};
/* End PBXNativeTarget section */

/* Begin PBXProject section */
		656AC0DC27E3EEED0033C42F /* Project object */ = {
			isa = PBXProject;
			attributes = {
				BuildIndependentTargetsInParallel = 1;
				LastSwiftUpdateCheck = 1320;
				LastUpgradeCheck = 1320;
				TargetAttributes = {
					656AC0E327E3EEED0033C42F = {
						CreatedOnToolsVersion = 13.2.1;
					};
				};
			};
			buildConfigurationList = 656AC0DF27E3EEED0033C42F /* Build configuration list for PBXProject "DependencyInjection" */;
			compatibilityVersion = "Xcode 13.0";
			developmentRegion = en;
			hasScannedForEncodings = 0;
			knownRegions = (
				en,
				Base,
			);
			mainGroup = 656AC0DB27E3EEED0033C42F;
			productRefGroup = 656AC0E527E3EEED0033C42F /* Products */;
			projectDirPath = "";
			projectRoot = "";
			targets = (
				656AC0E327E3EEED0033C42F /* DependencyInjection */,
			);
		};
/* End PBXProject section */

/* Begin PBXResourcesBuildPhase section */
		656AC0E227E3EEED0033C42F /* Resources */ = {
			isa = PBXResourcesBuildPhase;
			buildActionMask = 2147483647;
			files = (
				656AC10827E40A1E0033C42F /* PostsListViewController.xib in Resources */,
				656AC0F427E3EEF00033C42F /* LaunchScreen.storyboard in Resources */,
				656AC0F127E3EEF00033C42F /* Assets.xcassets in Resources */,
				656AC0EF27E3EEED0033C42F /* Main.storyboard in Resources */,
			);
			runOnlyForDeploymentPostprocessing = 0;
		};
/* End PBXResourcesBuildPhase section */

/* Begin PBXSourcesBuildPhase section */
		656AC0E027E3EEED0033C42F /* Sources */ = {
			isa = PBXSourcesBuildPhase;
			buildActionMask = 2147483647;
			files = (
				656AC10427E409A90033C42F /* PostsProvider.swift in Sources */,
				656AC10227E4091B0033C42F /* PostsViewModel.swift in Sources */,
				656AC10727E40A1E0033C42F /* PostsListViewController.swift in Sources */,
				656AC0EC27E3EEED0033C42F /* ViewController.swift in Sources */,
				656AC0E827E3EEED0033C42F /* AppDelegate.swift in Sources */,
				656AC0EA27E3EEED0033C42F /* SceneDelegate.swift in Sources */,
			);
			runOnlyForDeploymentPostprocessing = 0;
		};
/* End PBXSourcesBuildPhase section */

/* Begin PBXVariantGroup section */
		656AC0ED27E3EEED0033C42F /* Main.storyboard */ = {
			isa = PBXVariantGroup;
			children = (
				656AC0EE27E3EEED0033C42F /* Base */,
			);
			name = Main.storyboard;
			sourceTree = "<group>";
		};
		656AC0F227E3EEF00033C42F /* LaunchScreen.storyboard */ = {
			isa = PBXVariantGroup;
			children = (
				656AC0F327E3EEF00033C42F /* Base */,
			);
			name = LaunchScreen.storyboard;
			sourceTree = "<group>";
		};
/* End PBXVariantGroup section */

/* Begin XCBuildConfiguration section */
		656AC0F627E3EEF00033C42F /* Debug */ = {
			isa = XCBuildConfiguration;
			buildSettings = {
				ALWAYS_SEARCH_USER_PATHS = NO;
				CLANG_ANALYZER_NONNULL = YES;
				CLANG_ANALYZER_NUMBER_OBJECT_CONVERSION = YES_AGGRESSIVE;
				CLANG_CXX_LANGUAGE_STANDARD = "gnu++17";
				CLANG_CXX_LIBRARY = "libc++";
				CLANG_ENABLE_MODULES = YES;
				CLANG_ENABLE_OBJC_ARC = YES;
				CLANG_ENABLE_OBJC_WEAK = YES;
				CLANG_WARN_BLOCK_CAPTURE_AUTORELEASING = YES;
				CLANG_WARN_BOOL_CONVERSION = YES;
				CLANG_WARN_COMMA = YES;
				CLANG_WARN_CONSTANT_CONVERSION = YES;
				CLANG_WARN_DEPRECATED_OBJC_IMPLEMENTATIONS = YES;
				CLANG_WARN_DIRECT_OBJC_ISA_USAGE = YES_ERROR;
				CLANG_WARN_DOCUMENTATION_COMMENTS = YES;
				CLANG_WARN_EMPTY_BODY = YES;
				CLANG_WARN_ENUM_CONVERSION = YES;
				CLANG_WARN_INFINITE_RECURSION = YES;
				CLANG_WARN_INT_CONVERSION = YES;
				CLANG_WARN_NON_LITERAL_NULL_CONVERSION = YES;
				CLANG_WARN_OBJC_IMPLICIT_RETAIN_SELF = YES;
				CLANG_WARN_OBJC_LITERAL_CONVERSION = YES;
				CLANG_WARN_OBJC_ROOT_CLASS = YES_ERROR;
				CLANG_WARN_QUOTED_INCLUDE_IN_FRAMEWORK_HEADER = YES;
				CLANG_WARN_RANGE_LOOP_ANALYSIS = YES;
				CLANG_WARN_STRICT_PROTOTYPES = YES;
				CLANG_WARN_SUSPICIOUS_MOVE = YES;
				CLANG_WARN_UNGUARDED_AVAILABILITY = YES_AGGRESSIVE;
				CLANG_WARN_UNREACHABLE_CODE = YES;
				CLANG_WARN__DUPLICATE_METHOD_MATCH = YES;
				COPY_PHASE_STRIP = NO;
				DEBUG_INFORMATION_FORMAT = dwarf;
				ENABLE_STRICT_OBJC_MSGSEND = YES;
				ENABLE_TESTABILITY = YES;
				GCC_C_LANGUAGE_STANDARD = gnu11;
				GCC_DYNAMIC_NO_PIC = NO;
				GCC_NO_COMMON_BLOCKS = YES;
				GCC_OPTIMIZATION_LEVEL = 0;
				GCC_PREPROCESSOR_DEFINITIONS = (
					"DEBUG=1",
					"$(inherited)",
				);
				GCC_WARN_64_TO_32_BIT_CONVERSION = YES;
				GCC_WARN_ABOUT_RETURN_TYPE = YES_ERROR;
				GCC_WARN_UNDECLARED_SELECTOR = YES;
				GCC_WARN_UNINITIALIZED_AUTOS = YES_AGGRESSIVE;
				GCC_WARN_UNUSED_FUNCTION = YES;
				GCC_WARN_UNUSED_VARIABLE = YES;
				IPHONEOS_DEPLOYMENT_TARGET = 15.2;
				MTL_ENABLE_DEBUG_INFO = INCLUDE_SOURCE;
				MTL_FAST_MATH = YES;
				ONLY_ACTIVE_ARCH = YES;
				SDKROOT = iphoneos;
				SWIFT_ACTIVE_COMPILATION_CONDITIONS = DEBUG;
				SWIFT_OPTIMIZATION_LEVEL = "-Onone";
			};
			name = Debug;
		};
		656AC0F727E3EEF00033C42F /* Release */ = {
			isa = XCBuildConfiguration;
			buildSettings = {
				ALWAYS_SEARCH_USER_PATHS = NO;
				CLANG_ANALYZER_NONNULL = YES;
				CLANG_ANALYZER_NUMBER_OBJECT_CONVERSION = YES_AGGRESSIVE;
				CLANG_CXX_LANGUAGE_STANDARD = "gnu++17";
				CLANG_CXX_LIBRARY = "libc++";
				CLANG_ENABLE_MODULES = YES;
				CLANG_ENABLE_OBJC_ARC = YES;
				CLANG_ENABLE_OBJC_WEAK = YES;
				CLANG_WARN_BLOCK_CAPTURE_AUTORELEASING = YES;
				CLANG_WARN_BOOL_CONVERSION = YES;
				CLANG_WARN_COMMA = YES;
				CLANG_WARN_CONSTANT_CONVERSION = YES;
				CLANG_WARN_DEPRECATED_OBJC_IMPLEMENTATIONS = YES;
				CLANG_WARN_DIRECT_OBJC_ISA_USAGE = YES_ERROR;
				CLANG_WARN_DOCUMENTATION_COMMENTS = YES;
				CLANG_WARN_EMPTY_BODY = YES;
				CLANG_WARN_ENUM_CONVERSION = YES;
				CLANG_WARN_INFINITE_RECURSION = YES;
				CLANG_WARN_INT_CONVERSION = YES;
				CLANG_WARN_NON_LITERAL_NULL_CONVERSION = YES;
				CLANG_WARN_OBJC_IMPLICIT_RETAIN_SELF = YES;
				CLANG_WARN_OBJC_LITERAL_CONVERSION = YES;
				CLANG_WARN_OBJC_ROOT_CLASS = YES_ERROR;
				CLANG_WARN_QUOTED_INCLUDE_IN_FRAMEWORK_HEADER = YES;
				CLANG_WARN_RANGE_LOOP_ANALYSIS = YES;
				CLANG_WARN_STRICT_PROTOTYPES = YES;
				CLANG_WARN_SUSPICIOUS_MOVE = YES;
				CLANG_WARN_UNGUARDED_AVAILABILITY = YES_AGGRESSIVE;
				CLANG_WARN_UNREACHABLE_CODE = YES;
				CLANG_WARN__DUPLICATE_METHOD_MATCH = YES;
				COPY_PHASE_STRIP = NO;
				DEBUG_INFORMATION_FORMAT = "dwarf-with-dsym";
				ENABLE_NS_ASSERTIONS = NO;
				ENABLE_STRICT_OBJC_MSGSEND = YES;
				GCC_C_LANGUAGE_STANDARD = gnu11;
				GCC_NO_COMMON_BLOCKS = YES;
				GCC_WARN_64_TO_32_BIT_CONVERSION = YES;
				GCC_WARN_ABOUT_RETURN_TYPE = YES_ERROR;
				GCC_WARN_UNDECLARED_SELECTOR = YES;
				GCC_WARN_UNINITIALIZED_AUTOS = YES_AGGRESSIVE;
				GCC_WARN_UNUSED_FUNCTION = YES;
				GCC_WARN_UNUSED_VARIABLE = YES;
				IPHONEOS_DEPLOYMENT_TARGET = 15.2;
				MTL_ENABLE_DEBUG_INFO = NO;
				MTL_FAST_MATH = YES;
				SDKROOT = iphoneos;
				SWIFT_COMPILATION_MODE = wholemodule;
				SWIFT_OPTIMIZATION_LEVEL = "-O";
				VALIDATE_PRODUCT = YES;
			};
			name = Release;
		};
		656AC0F927E3EEF00033C42F /* Debug */ = {
			isa = XCBuildConfiguration;
			buildSettings = {
				ASSETCATALOG_COMPILER_APPICON_NAME = AppIcon;
				ASSETCATALOG_COMPILER_GLOBAL_ACCENT_COLOR_NAME = AccentColor;
				CODE_SIGN_STYLE = Automatic;
				CURRENT_PROJECT_VERSION = 1;
				DEVELOPMENT_TEAM = YR8ENK43BV;
				GENERATE_INFOPLIST_FILE = YES;
				INFOPLIST_FILE = DependencyInjection/Info.plist;
				INFOPLIST_KEY_UIApplicationSupportsIndirectInputEvents = YES;
				INFOPLIST_KEY_UILaunchStoryboardName = LaunchScreen;
				INFOPLIST_KEY_UIMainStoryboardFile = Main;
				INFOPLIST_KEY_UISupportedInterfaceOrientations_iPad = "UIInterfaceOrientationPortrait UIInterfaceOrientationPortraitUpsideDown UIInterfaceOrientationLandscapeLeft UIInterfaceOrientationLandscapeRight";
				INFOPLIST_KEY_UISupportedInterfaceOrientations_iPhone = "UIInterfaceOrientationPortrait UIInterfaceOrientationLandscapeLeft UIInterfaceOrientationLandscapeRight";
				LD_RUNPATH_SEARCH_PATHS = (
					"$(inherited)",
					"@executable_path/Frameworks",
				);
				MARKETING_VERSION = 1.0;
				PRODUCT_BUNDLE_IDENTIFIER = com.PosetoStudio.DependencyInjection;
				PRODUCT_NAME = "$(TARGET_NAME)";
				SWIFT_EMIT_LOC_STRINGS = YES;
				SWIFT_VERSION = 5.0;
				TARGETED_DEVICE_FAMILY = "1,2";
			};
			name = Debug;
		};
		656AC0FA27E3EEF00033C42F /* Release */ = {
			isa = XCBuildConfiguration;
			buildSettings = {
				ASSETCATALOG_COMPILER_APPICON_NAME = AppIcon;
				ASSETCATALOG_COMPILER_GLOBAL_ACCENT_COLOR_NAME = AccentColor;
				CODE_SIGN_STYLE = Automatic;
				CURRENT_PROJECT_VERSION = 1;
				DEVELOPMENT_TEAM = YR8ENK43BV;
				GENERATE_INFOPLIST_FILE = YES;
				INFOPLIST_FILE = DependencyInjection/Info.plist;
				INFOPLIST_KEY_UIApplicationSupportsIndirectInputEvents = YES;
				INFOPLIST_KEY_UILaunchStoryboardName = LaunchScreen;
				INFOPLIST_KEY_UIMainStoryboardFile = Main;
				INFOPLIST_KEY_UISupportedInterfaceOrientations_iPad = "UIInterfaceOrientationPortrait UIInterfaceOrientationPortraitUpsideDown UIInterfaceOrientationLandscapeLeft UIInterfaceOrientationLandscapeRight";
				INFOPLIST_KEY_UISupportedInterfaceOrientations_iPhone = "UIInterfaceOrientationPortrait UIInterfaceOrientationLandscapeLeft UIInterfaceOrientationLandscapeRight";
				LD_RUNPATH_SEARCH_PATHS = (
					"$(inherited)",
					"@executable_path/Frameworks",
				);
				MARKETING_VERSION = 1.0;
				PRODUCT_BUNDLE_IDENTIFIER = com.PosetoStudio.DependencyInjection;
				PRODUCT_NAME = "$(TARGET_NAME)";
				SWIFT_EMIT_LOC_STRINGS = YES;
				SWIFT_VERSION = 5.0;
				TARGETED_DEVICE_FAMILY = "1,2";
			};
			name = Release;
		};
/* End XCBuildConfiguration section */

/* Begin XCConfigurationList section */
		656AC0DF27E3EEED0033C42F /* Build configuration list for PBXProject "DependencyInjection" */ = {
			isa = XCConfigurationList;
			buildConfigurations = (
				656AC0F627E3EEF00033C42F /* Debug */,
				656AC0F727E3EEF00033C42F /* Release */,
			);
			defaultConfigurationIsVisible = 0;
			defaultConfigurationName = Release;
		};
		656AC0F827E3EEF00033C42F /* Build configuration list for PBXNativeTarget "DependencyInjection" */ = {
			isa = XCConfigurationList;
			buildConfigurations = (
				656AC0F927E3EEF00033C42F /* Debug */,
				656AC0FA27E3EEF00033C42F /* Release */,
			);
			defaultConfigurationIsVisible = 0;
			defaultConfigurationName = Release;
		};
/* End XCConfigurationList section */
	};
	rootObject = 656AC0DC27E3EEED0033C42F /* Project object */;
}
